Microsoft Visual Studio Solution File, Format Version 12.00
# Visual Studio Version 17
VisualStudioVersion = 17.5.2.0
MinimumVisualStudioVersion = 10.0.40219.1
Project("{FAE04EC0-301F-11D3-BF4B-00C04F79EFBC}") = "SistemaDePersonagens", "SistemaDePersonagens.csproj", "{7DEB78AF-FBDF-0322-A82D-B574F3963DB1}"
EndProject
Global
	GlobalSection(SolutionConfigurationPlatforms) = preSolution
		Debug|Any CPU = Debug|Any CPU
		Release|Any CPU = Release|Any CPU
	EndGlobalSection
	GlobalSection(ProjectConfigurationPlatforms) = postSolution
		{7DEB78AF-FBDF-0322-A82D-B574F3963DB1}.Debug|Any CPU.ActiveCfg = Debug|Any CPU
		{7DEB78AF-FBDF-0322-A82D-B574F3963DB1}.Debug|Any CPU.Build.0 = Debug|Any CPU
		{7DEB78AF-FBDF-0322-A82D-B574F3963DB1}.Release|Any CPU.ActiveCfg = Release|Any CPU
		{7DEB78AF-FBDF-0322-A82D-B574F3963DB1}.Release|Any CPU.Build.0 = Release|Any CPU
	EndGlobalSection
	GlobalSection(SolutionProperties) = preSolution
		HideSolutionNode = FALSE
	EndGlobalSection
	GlobalSection(ExtensibilityGlobals) = postSolution
		SolutionGuid = {BEB9FA6B-99EC-420F-A4FC-EB7099A8E44E}
	EndGlobalSection
EndGlobal
